PODS:
  - Masonry (1.0.2)
  - Reveal-SDK (7)
  - TTTAttributedLabel (2.0.0)

DEPENDENCIES:
  - Masonry
  - Reveal-SDK (~> 7)
  - TTTAttributedLabel

SPEC CHECKSUMS:
  Masonry: 7c429b56da9d4ee0bbb3ed77a5ea710d6a5df39e
  Reveal-SDK: 564657bc66c93d2718b1c0121cdebe99d354ddab
  TTTAttributedLabel: 8cffe8e127e4e82ff3af1e5386d4cd0ad000b656

PODFILE CHECKSUM: 283f48a4d9f5fb6ba7d26bee8031d8edf154103c

COCOAPODS: 1.1.1
